
Microsoft Visual Studio Solution File, Format Version 12.00
# Visual Studio Version 17
VisualStudioVersion = 17.11.35327.3
MinimumVisualStudioVersion = 10.0.40219.1
Project("{FAE04EC0-301F-11D3-BF4B-00C04F79EFBC}") = "RAG2", "RAG2.csproj", "{F619B224-3DFC-4093-8D63-BC9BBAD076D3}"
EndProject
Global
	GlobalSection(SolutionConfigurationPlatforms) = preSolution
		Debug|Any CPU = Debug|Any CPU
		Release|Any CPU = Release|Any CPU
	EndGlobalSection
	GlobalSection(ProjectConfigurationPlatforms) = postSolution
		{F619B224-3DFC-4093-8D63-BC9BBAD076D3}.Debug|Any CPU.ActiveCfg = Debug|Any CPU
		{F619B224-3DFC-4093-8D63-BC9BBAD076D3}.Debug|Any CPU.Build.0 = Debug|Any CPU
		{F619B224-3DFC-4093-8D63-BC9BBAD076D3}.Release|Any CPU.ActiveCfg = Release|Any CPU
		{F619B224-3DFC-4093-8D63-BC9BBAD076D3}.Release|Any CPU.Build.0 = Release|Any CPU
	EndGlobalSection
	GlobalSection(SolutionProperties) = preSolution
		HideSolutionNode = FALSE
	EndGlobalSection
	GlobalSection(ExtensibilityGlobals) = postSolution
		SolutionGuid = {1A094E94-0400-468A-9257-BAF52E4F5821}
	EndGlobalSection
EndGlobal
